
Microsoft Visual Studio Solution File, Format Version 12.00
# Visual Studio Version 17
VisualStudioVersion = 17.6.33927.249
MinimumVisualStudioVersion = 10.0.40219.1
Project("{9A19103F-16F7-4668-BE54-9A1E7A4F7556}") = "StudentCI.Tests", "StudentCI.Tests.csproj", "{EBA11EDF-AE8A-4579-AF1F-5E9D14154774}"
EndProject
Global
	GlobalSection(SolutionConfigurationPlatforms) = preSolution
		Debug|Any CPU = Debug|Any CPU
		Release|Any CPU = Release|Any CPU
	EndGlobalSection
	GlobalSection(ProjectConfigurationPlatforms) = postSolution
		{EBA11EDF-AE8A-4579-AF1F-5E9D14154774}.Debug|Any CPU.ActiveCfg = Debug|Any CPU
		{EBA11EDF-AE8A-4579-AF1F-5E9D14154774}.Debug|Any CPU.Build.0 = Debug|Any CPU
		{EBA11EDF-AE8A-4579-AF1F-5E9D14154774}.Release|Any CPU.ActiveCfg = Release|Any CPU
		{EBA11EDF-AE8A-4579-AF1F-5E9D14154774}.Release|Any CPU.Build.0 = Release|Any CPU
	EndGlobalSection
	GlobalSection(SolutionProperties) = preSolution
		HideSolutionNode = FALSE
	EndGlobalSection
	GlobalSection(ExtensibilityGlobals) = postSolution
		SolutionGuid = {E8E78001-8FD5-42A9-A847-7E7A9F56894D}
	EndGlobalSection
EndGlobal
